
Microsoft Visual Studio Solution File, Format Version 12.00
# Visual Studio Version 17
VisualStudioVersion = 17.3.32929.385
MinimumVisualStudioVersion = 10.0.40219.1
Project("{9A19103F-16F7-4668-BE54-9A1E7A4F7556}") = "TextFileSorter", "TextFileSorter\TextFileSorter.csproj", "{2B4D1188-F3BA-4BE0-897A-44EB6612271E}"
EndProject
Project("{9A19103F-16F7-4668-BE54-9A1E7A4F7556}") = "TextFileGenerator", "TextFileGenerator\TextFileGenerator.csproj", "{CF6AB8C4-2569-4A48-9E63-23A972F3B19C}"
EndProject
Project("{2150E333-8FDC-42A3-9474-1A3956D46DE8}") = "Solution Items", "Solution Items", "{AC635BCF-5D1E-45B8-AC9E-593B6C40D057}"
	ProjectSection(SolutionItems) = preProject
		README.md = README.md
	EndProjectSection
EndProject
Project("{FAE04EC0-301F-11D3-BF4B-00C04F79EFBC}") = "Tests", "Tests\Tests.csproj", "{EFCE25C5-6E75-4C60-B4E5-B21368055412}"
EndProject
Global
	GlobalSection(SolutionConfigurationPlatforms) = preSolution
		Debug|Any CPU = Debug|Any CPU
		Release|Any CPU = Release|Any CPU
	EndGlobalSection
	GlobalSection(ProjectConfigurationPlatforms) = postSolution
		{2B4D1188-F3BA-4BE0-897A-44EB6612271E}.Debug|Any CPU.ActiveCfg = Debug|Any CPU
		{2B4D1188-F3BA-4BE0-897A-44EB6612271E}.Debug|Any CPU.Build.0 = Debug|Any CPU
		{2B4D1188-F3BA-4BE0-897A-44EB6612271E}.Release|Any CPU.ActiveCfg = Release|Any CPU
		{2B4D1188-F3BA-4BE0-897A-44EB6612271E}.Release|Any CPU.Build.0 = Release|Any CPU
		{CF6AB8C4-2569-4A48-9E63-23A972F3B19C}.Debug|Any CPU.ActiveCfg = Debug|Any CPU
		{CF6AB8C4-2569-4A48-9E63-23A972F3B19C}.Debug|Any CPU.Build.0 = Debug|Any CPU
		{CF6AB8C4-2569-4A48-9E63-23A972F3B19C}.Release|Any CPU.ActiveCfg = Release|Any CPU
		{CF6AB8C4-2569-4A48-9E63-23A972F3B19C}.Release|Any CPU.Build.0 = Release|Any CPU
		{EFCE25C5-6E75-4C60-B4E5-B21368055412}.Debug|Any CPU.ActiveCfg = Debug|Any CPU
		{EFCE25C5-6E75-4C60-B4E5-B21368055412}.Debug|Any CPU.Build.0 = Debug|Any CPU
		{EFCE25C5-6E75-4C60-B4E5-B21368055412}.Release|Any CPU.ActiveCfg = Release|Any CPU
		{EFCE25C5-6E75-4C60-B4E5-B21368055412}.Release|Any CPU.Build.0 = Release|Any CPU
	EndGlobalSection
	GlobalSection(SolutionProperties) = preSolution
		HideSolutionNode = FALSE
	EndGlobalSection
	GlobalSection(ExtensibilityGlobals) = postSolution
		SolutionGuid = {D6108826-2DE3-41B4-8A01-0910B4A4F15B}
	EndGlobalSection
EndGlobal
